dependencies:
- name: vault
  repository: https://helm.releases.hashicorp.com
  version: 0.31.0
- name: eck-operator
  repository: https://helm.elastic.co
  version: 2.10.0
- name: grafana
  repository: https://grafana.github.io/helm-charts
  version: 8.9.0
- name: prometheus
  repository: https://prometheus-community.github.io/helm-charts
  version: 25.28.0
- name: loki
  repository: https://grafana.github.io/helm-charts
  version: 6.27.0
- name: promtail
  repository: https://grafana.github.io/helm-charts
  version: 6.16.6
digest: sha256:f27bbc3049b8b25374ade9b556540c1034eaec2ffda6ac2da621bfdff06b29d3
generated: "2025-10-02T09:43:32.682194+01:00"
